{
  "object": {
    "pins": [
      {
        "package": "GhosttyKit",
        "repositoryURL": "https://github.com/Lakr233/libghostty-spm.git",
        "state": {
          "branch": null,
          "revision": "37557cd6db4f8af3157f90cd3ad549d1107a9ab1",
          "version": "1.6.20260929"
        }
      },
      {
        "package": "MSDisplayLink",
        "repositoryURL": "https://github.com/Lakr233/MSDisplayLink.git",
        "state": {
          "branch": null,
          "revision": "87eb0af130744c8cbe2e31b6e1a5bcd659f1c220",
          "version": "2.2.0"
        }
      }
    ]
  },
  "version": 1
}
